// !$*UTF8*$!
{
	archiveVersion = 1;
	classes = {
	};
	objectVersion = 56;
	objects = {

/* Begin PBXBuildFile section */
		67FF83B82C2FA70900721457 /* SyncZoneApp.swift in Sources */ = {isa = PBXBuildFile; fileRef = 67FF83B72C2FA70900721457 /* SyncZoneApp.swift */; };
		67FF83BA2C2FA70900721457 /* ContentView.swift in Sources */ = {isa = PBXBuildFile; fileRef = 67FF83B92C2FA70900721457 /* ContentView.swift */; };
		67FF83BC2C2FA70A00721457 /* Assets.xcassets in Resources */ = {isa = PBXBuildFile; fileRef = 67FF83BB2C2FA70A00721457 /* Assets.xcassets */; };
		67FF83BF2C2FA70A00721457 /* Preview Assets.xcassets in Resources */ = {isa = PBXBuildFile; fileRef = 67FF83BE2C2FA70A00721457 /* Preview Assets.xcassets */; };
		67FF83C92C2FA70B00721457 /* SyncZoneTests.swift in Sources */ = {isa = PBXBuildFile; fileRef = 67FF83C82C2FA70B00721457 /* SyncZoneTests.swift */; };
		67FF83D32C2FA70B00721457 /* SyncZoneUITests.swift in Sources */ = {isa = PBXBuildFile; fileRef = 67FF83D22C2FA70B00721457 /* SyncZoneUITests.swift */; };
		67FF83D52C2FA70B00721457 /* SyncZoneUITestsLaunchTests.swift in Sources */ = {isa = PBXBuildFile; fileRef = 67FF83D42C2FA70B00721457 /* SyncZoneUITestsLaunchTests.swift */; };
		67FF83E32C2FA81E00721457 /* MainView.swift in Sources */ = {isa = PBXBuildFile; fileRef = 67FF83E22C2FA81E00721457 /* MainView.swift */; };
		67FF83E52C2FAA7C00721457 /* OnBoardingView.swift in Sources */ = {isa = PBXBuildFile; fileRef = 67FF83E42C2FAA7C00721457 /* OnBoardingView.swift */; };
		67FF83E72C2FAA8F00721457 /* AccountView.swift in Sources */ = {isa = PBXBuildFile; fileRef = 67FF83E62C2FAA8F00721457 /* AccountView.swift */; };
		67FF83EC2C30BF7E00721457 /* LocationView.swift in Sources */ = {isa = PBXBuildFile; fileRef = 67FF83EB2C30BF7E00721457 /* LocationView.swift */; };
		67FF83EE2C30C9EA00721457 /* LocationRequestView.swift in Sources */ = {isa = PBXBuildFile; fileRef = 67FF83ED2C30C9EA00721457 /* LocationRequestView.swift */; };
		67FF83F02C30CA0900721457 /* LocationManager.swift in Sources */ = {isa = PBXBuildFile; fileRef = 67FF83EF2C30CA0900721457 /* LocationManager.swift */; };
		67FF83FA2C320B4B00721457 /* MainTabView.swift in Sources */ = {isa = PBXBuildFile; fileRef = 67FF83F92C320B4B00721457 /* MainTabView.swift */; };
		67FF83FC2C320D1B00721457 /* SyncZoneView.swift in Sources */ = {isa = PBXBuildFile; fileRef = 67FF83FB2C320D1B00721457 /* SyncZoneView.swift */; };
		67FF83FE2C320D4100721457 /* ChatGroupView.swift in Sources */ = {isa = PBXBuildFile; fileRef = 67FF83FD2C320D4100721457 /* ChatGroupView.swift */; };
		67FF84012C321FB200721457 /* User.swift in Sources */ = {isa = PBXBuildFile; fileRef = 67FF84002C321FB200721457 /* User.swift */; };
		67FF84032C321FC700721457 /* SyncZoneListItem.swift in Sources */ = {isa = PBXBuildFile; fileRef = 67FF84022C321FC700721457 /* SyncZoneListItem.swift */; };
		67FF84052C321FD400721457 /* ChatGroup.swift in Sources */ = {isa = PBXBuildFile; fileRef = 67FF84042C321FD400721457 /* ChatGroup.swift */; };
		67FF84072C32251600721457 /* loginView.swift in Sources */ = {isa = PBXBuildFile; fileRef = 67FF84062C32251600721457 /* loginView.swift */; };
		67FF84092C32252300721457 /* signUpView.swift in Sources */ = {isa = PBXBuildFile; fileRef = 67FF84082C32252300721457 /* signUpView.swift */; };
		67FF840B2C32255A00721457 /* backupboarding.swift in Sources */ = {isa = PBXBuildFile; fileRef = 67FF840A2C32255A00721457 /* backupboarding.swift */; };
		67FF840D2C32258F00721457 /* WelcomeView.swift in Sources */ = {isa = PBXBuildFile; fileRef = 67FF840C2C32258F00721457 /* WelcomeView.swift */; };
		67FF84102C327AF300721457 /* SZButton.swift in Sources */ = {isa = PBXBuildFile; fileRef = 67FF840F2C327AF300721457 /* SZButton.swift */; };
		67FF84122C330E2400721457 /* InputFieldView.swift in Sources */ = {isa = PBXBuildFile; fileRef = 67FF84112C330E2400721457 /* InputFieldView.swift */; };
		67FF84142C3312C200721457 /* OnBoardingViewModel.swift in Sources */ = {isa = PBXBuildFile; fileRef = 67FF84132C3312C200721457 /* OnBoardingViewModel.swift */; };
		67FF84162C3328FF00721457 /* GoogleService-Info.plist in Resources */ = {isa = PBXBuildFile; fileRef = 67FF84152C3328FF00721457 /* GoogleService-Info.plist */; };
		67FF841B2C332C2A00721457 /* FirebaseAuth in Frameworks */ = {isa = PBXBuildFile; productRef = 67FF841A2C332C2A00721457 /* FirebaseAuth */; };
		67FF841D2C332C2A00721457 /* FirebaseDatabase in Frameworks */ = {isa = PBXBuildFile; productRef = 67FF841C2C332C2A00721457 /* FirebaseDatabase */; };
		67FF841F2C332C2A00721457 /* FirebaseDatabaseSwift in Frameworks */ = {isa = PBXBuildFile; productRef = 67FF841E2C332C2A00721457 /* FirebaseDatabaseSwift */; };
		67FF84212C332C2A00721457 /* FirebaseFirestore in Frameworks */ = {isa = PBXBuildFile; productRef = 67FF84202C332C2A00721457 /* FirebaseFirestore */; };
		67FF84232C332C2A00721457 /* FirebaseFirestoreSwift in Frameworks */ = {isa = PBXBuildFile; productRef = 67FF84222C332C2A00721457 /* FirebaseFirestoreSwift */; };
		67FF84252C33438200721457 /* Extensions.swift in Sources */ = {isa = PBXBuildFile; fileRef = 67FF84242C33438200721457 /* Extensions.swift */; };
		67FF84282C3345EE00721457 /* MainViewModel.swift in Sources */ = {isa = PBXBuildFile; fileRef = 67FF84272C3345EE00721457 /* MainViewModel.swift */; };
		67FF842A2C33788000721457 /* SyncZoneViewModel.swift in Sources */ = {isa = PBXBuildFile; fileRef = 67FF84292C33788000721457 /* SyncZoneViewModel.swift */; };
		67FF842C2C3378B200721457 /* ChatGroupViewModel.swift in Sources */ = {isa = PBXBuildFile; fileRef = 67FF842B2C3378B200721457 /* ChatGroupViewModel.swift */; };
		67FF842E2C33790400721457 /* AccountViewModel.swift in Sources */ = {isa = PBXBuildFile; fileRef = 67FF842D2C33790400721457 /* AccountViewModel.swift */; };
		67FF84302C337A2000721457 /* NewItemViewModel.swift in Sources */ = {isa = PBXBuildFile; fileRef = 67FF842F2C337A2000721457 /* NewItemViewModel.swift */; };
		67FF84322C337A8900721457 /* SyncZoneItemViewModel.swift in Sources */ = {isa = PBXBuildFile; fileRef = 67FF84312C337A8900721457 /* SyncZoneItemViewModel.swift */; };
		67FF84342C339E0400721457 /* NewItemView.swift in Sources */ = {isa = PBXBuildFile; fileRef = 67FF84332C339E0400721457 /* NewItemView.swift */; };
		67FF84362C33BA0000721457 /* SelectCitiesView.swift in Sources */ = {isa = PBXBuildFile; fileRef = 67FF84352C33BA0000721457 /* SelectCitiesView.swift */; };
		67FF84382C33BF0E00721457 /* AllCities.swift in Sources */ = {isa = PBXBuildFile; fileRef = 67FF84372C33BF0E00721457 /* AllCities.swift */; };
		67FF843A2C347CFC00721457 /* SyncZoneListItemView.swift in Sources */ = {isa = PBXBuildFile; fileRef = 67FF84392C347CFC00721457 /* SyncZoneListItemView.swift */; };
		67FF84402C35B01000721457 /* UpdateItemView.swift in Sources */ = {isa = PBXBuildFile; fileRef = 67FF843F2C35B01000721457 /* UpdateItemView.swift */; };
		67FF84422C35BAE700721457 /* UpdateItemViewModel.swift in Sources */ = {isa = PBXBuildFile; fileRef = 67FF84412C35BAE700721457 /* UpdateItemViewModel.swift */; };
/* End PBXBuildFile section */

/* Begin PBXContainerItemProxy section */
		67FF83C52C2FA70B00721457 /* PBXContainerItemProxy */ = {
			isa = PBXContainerItemProxy;
			containerPortal = 67FF83AC2C2FA70900721457 /* Project object */;
			proxyType = 1;
			remoteGlobalIDString = 67FF83B32C2FA70900721457;
			remoteInfo = SyncZone;
		};
		67FF83CF2C2FA70B00721457 /* PBXContainerItemProxy */ = {
			isa = PBXContainerItemProxy;
			containerPortal = 67FF83AC2C2FA70900721457 /* Project object */;
			proxyType = 1;
			remoteGlobalIDString = 67FF83B32C2FA70900721457;
			remoteInfo = SyncZone;
		};
/* End PBXContainerItemProxy section */

/* Begin PBXFileReference section */
		67FF83B42C2FA70900721457 /* SyncZone.app */ = {isa = PBXFileReference; explicitFileType = wrapper.application; includeInIndex = 0; path = SyncZone.app; sourceTree = BUILT_PRODUCTS_DIR; };
		67FF83B72C2FA70900721457 /* SyncZoneApp.swift */ = {isa = PBXFileReference; lastKnownFileType = sourcecode.swift; path = SyncZoneApp.swift; sourceTree = "<group>"; };
		67FF83B92C2FA70900721457 /* ContentView.swift */ = {isa = PBXFileReference; lastKnownFileType = sourcecode.swift; path = ContentView.swift; sourceTree = "<group>"; };
		67FF83BB2C2FA70A00721457 /* Assets.xcassets */ = {isa = PBXFileReference; lastKnownFileType = folder.assetcatalog; path = Assets.xcassets; sourceTree = "<group>"; };
		67FF83BE2C2FA70A00721457 /* Preview Assets.xcassets */ = {isa = PBXFileReference; lastKnownFileType = folder.assetcatalog; path = "Preview Assets.xcassets"; sourceTree = "<group>"; };
		67FF83C42C2FA70B00721457 /* SyncZoneTests.xctest */ = {isa = PBXFileReference; explicitFileType = wrapper.cfbundle; includeInIndex = 0; path = SyncZoneTests.xctest; sourceTree = BUILT_PRODUCTS_DIR; };
		67FF83C82C2FA70B00721457 /* SyncZoneTests.swift */ = {isa = PBXFileReference; lastKnownFileType = sourcecode.swift; path = SyncZoneTests.swift; sourceTree = "<group>"; };
		67FF83CE2C2FA70B00721457 /* SyncZoneUITests.xctest */ = {isa = PBXFileReference; explicitFileType = wrapper.cfbundle; includeInIndex = 0; path = SyncZoneUITests.xctest; sourceTree = BUILT_PRODUCTS_DIR; };
		67FF83D22C2FA70B00721457 /* SyncZoneUITests.swift */ = {isa = PBXFileReference; lastKnownFileType = sourcecode.swift; path = SyncZoneUITests.swift; sourceTree = "<group>"; };
		67FF83D42C2FA70B00721457 /* SyncZoneUITestsLaunchTests.swift */ = {isa = PBXFileReference; lastKnownFileType = sourcecode.swift; path = SyncZoneUITestsLaunchTests.swift; sourceTree = "<group>"; };
		67FF83E22C2FA81E00721457 /* MainView.swift */ = {isa = PBXFileReference; lastKnownFileType = sourcecode.swift; path = MainView.swift; sourceTree = "<group>"; };
		67FF83E42C2FAA7C00721457 /* OnBoardingView.swift */ = {isa = PBXFileReference; lastKnownFileType = sourcecode.swift; path = OnBoardingView.swift; sourceTree = "<group>"; };
		67FF83E62C2FAA8F00721457 /* AccountView.swift */ = {isa = PBXFileReference; lastKnownFileType = sourcecode.swift; path = AccountView.swift; sourceTree = "<group>"; };
		67FF83EB2C30BF7E00721457 /* LocationView.swift */ = {isa = PBXFileReference; lastKnownFileType = sourcecode.swift; path = LocationView.swift; sourceTree = "<group>"; };
		67FF83ED2C30C9EA00721457 /* LocationRequestView.swift */ = {isa = PBXFileReference; lastKnownFileType = sourcecode.swift; path = LocationRequestView.swift; sourceTree = "<group>"; };
		67FF83EF2C30CA0900721457 /* LocationManager.swift */ = {isa = PBXFileReference; lastKnownFileType = sourcecode.swift; path = LocationManager.swift; sourceTree = "<group>"; };
		67FF83F32C30CD0400721457 /* Info.plist */ = {isa = PBXFileReference; lastKnownFileType = text.plist; path = Info.plist; sourceTree = "<group>"; };
		67FF83F92C320B4B00721457 /* MainTabView.swift */ = {isa = PBXFileReference; lastKnownFileType = sourcecode.swift; path = MainTabView.swift; sourceTree = "<group>"; };
		67FF83FB2C320D1B00721457 /* SyncZoneView.swift */ = {isa = PBXFileReference; lastKnownFileType = sourcecode.swift; path = SyncZoneView.swift; sourceTree = "<group>"; };
		67FF83FD2C320D4100721457 /* ChatGroupView.swift */ = {isa = PBXFileReference; lastKnownFileType = sourcecode.swift; path = ChatGroupView.swift; sourceTree = "<group>"; };
		67FF84002C321FB200721457 /* User.swift */ = {isa = PBXFileReference; lastKnownFileType = sourcecode.swift; path = User.swift; sourceTree = "<group>"; };
		67FF84022C321FC700721457 /* SyncZoneListItem.swift */ = {isa = PBXFileReference; lastKnownFileType = sourcecode.swift; path = SyncZoneListItem.swift; sourceTree = "<group>"; };
		67FF84042C321FD400721457 /* ChatGroup.swift */ = {isa = PBXFileReference; lastKnownFileType = sourcecode.swift; path = ChatGroup.swift; sourceTree = "<group>"; };
		67FF84062C32251600721457 /* loginView.swift */ = {isa = PBXFileReference; lastKnownFileType = sourcecode.swift; path = loginView.swift; sourceTree = "<group>"; };
		67FF84082C32252300721457 /* signUpView.swift */ = {isa = PBXFileReference; lastKnownFileType = sourcecode.swift; path = signUpView.swift; sourceTree = "<group>"; };
		67FF840A2C32255A00721457 /* backupboarding.swift */ = {isa = PBXFileReference; lastKnownFileType = sourcecode.swift; path = backupboarding.swift; sourceTree = "<group>"; };
		67FF840C2C32258F00721457 /* WelcomeView.swift */ = {isa = PBXFileReference; lastKnownFileType = sourcecode.swift; path = WelcomeView.swift; sourceTree = "<group>"; };
		67FF840F2C327AF300721457 /* SZButton.swift */ = {isa = PBXFileReference; lastKnownFileType = sourcecode.swift; path = SZButton.swift; sourceTree = "<group>"; };
		67FF84112C330E2400721457 /* InputFieldView.swift */ = {isa = PBXFileReference; lastKnownFileType = sourcecode.swift; path = InputFieldView.swift; sourceTree = "<group>"; };
		67FF84132C3312C200721457 /* OnBoardingViewModel.swift */ = {isa = PBXFileReference; lastKnownFileType = sourcecode.swift; path = OnBoardingViewModel.swift; sourceTree = "<group>"; };
		67FF84152C3328FF00721457 /* GoogleService-Info.plist */ = {isa = PBXFileReference; fileEncoding = 4; lastKnownFileType = text.plist.xml; path = "GoogleService-Info.plist"; sourceTree = "<group>"; };
		67FF84242C33438200721457 /* Extensions.swift */ = {isa = PBXFileReference; lastKnownFileType = sourcecode.swift; path = Extensions.swift; sourceTree = "<group>"; };
		67FF84272C3345EE00721457 /* MainViewModel.swift */ = {isa = PBXFileReference; lastKnownFileType = sourcecode.swift; path = MainViewModel.swift; sourceTree = "<group>"; };
		67FF84292C33788000721457 /* SyncZoneViewModel.swift */ = {isa = PBXFileReference; lastKnownFileType = sourcecode.swift; path = SyncZoneViewModel.swift; sourceTree = "<group>"; };
		67FF842B2C3378B200721457 /* ChatGroupViewModel.swift */ = {isa = PBXFileReference; lastKnownFileType = sourcecode.swift; path = ChatGroupViewModel.swift; sourceTree = "<group>"; };
		67FF842D2C33790400721457 /* AccountViewModel.swift */ = {isa = PBXFileReference; lastKnownFileType = sourcecode.swift; path = AccountViewModel.swift; sourceTree = "<group>"; };
		67FF842F2C337A2000721457 /* NewItemViewModel.swift */ = {isa = PBXFileReference; lastKnownFileType = sourcecode.swift; path = NewItemViewModel.swift; sourceTree = "<group>"; };
		67FF84312C337A8900721457 /* SyncZoneItemViewModel.swift */ = {isa = PBXFileReference; lastKnownFileType = sourcecode.swift; path = SyncZoneItemViewModel.swift; sourceTree = "<group>"; };
		67FF84332C339E0400721457 /* NewItemView.swift */ = {isa = PBXFileReference; lastKnownFileType = sourcecode.swift; path = NewItemView.swift; sourceTree = "<group>"; };
		67FF84352C33BA0000721457 /* SelectCitiesView.swift */ = {isa = PBXFileReference; lastKnownFileType = sourcecode.swift; path = SelectCitiesView.swift; sourceTree = "<group>"; };
		67FF84372C33BF0E00721457 /* AllCities.swift */ = {isa = PBXFileReference; lastKnownFileType = sourcecode.swift; path = AllCities.swift; sourceTree = "<group>"; };
		67FF84392C347CFC00721457 /* SyncZoneListItemView.swift */ = {isa = PBXFileReference; lastKnownFileType = sourcecode.swift; path = SyncZoneListItemView.swift; sourceTree = "<group>"; };
		67FF843F2C35B01000721457 /* UpdateItemView.swift */ = {isa = PBXFileReference; lastKnownFileType = sourcecode.swift; path = UpdateItemView.swift; sourceTree = "<group>"; };
		67FF84412C35BAE700721457 /* UpdateItemViewModel.swift */ = {isa = PBXFileReference; lastKnownFileType = sourcecode.swift; path = UpdateItemViewModel.swift; sourceTree = "<group>"; };
/* End PBXFileReference section */

/* Begin PBXFrameworksBuildPhase section */
		67FF83B12C2FA70900721457 /* Frameworks */ = {
			isa = PBXFrameworksBuildPhase;
			buildActionMask = 2147483647;
			files = (
				67FF84232C332C2A00721457 /* FirebaseFirestoreSwift in Frameworks */,
				67FF841F2C332C2A00721457 /* FirebaseDatabaseSwift in Frameworks */,
				67FF84212C332C2A00721457 /* FirebaseFirestore in Frameworks */,
				67FF841D2C332C2A00721457 /* FirebaseDatabase in Frameworks */,
				67FF841B2C332C2A00721457 /* FirebaseAuth in Frameworks */,
			);
			runOnlyForDeploymentPostprocessing = 0;
		};
		67FF83C12C2FA70B00721457 /* Frameworks */ = {
			isa = PBXFrameworksBuildPhase;
			buildActionMask = 2147483647;
			files = (
			);
			runOnlyForDeploymentPostprocessing = 0;
		};
		67FF83CB2C2FA70B00721457 /* Frameworks */ = {
			isa = PBXFrameworksBuildPhase;
			buildActionMask = 2147483647;
			files = (
			);
			runOnlyForDeploymentPostprocessing = 0;
		};
/* End PBXFrameworksBuildPhase section */

/* Begin PBXGroup section */
		67FF83AB2C2FA70900721457 = {
			isa = PBXGroup;
			children = (
				67FF83B62C2FA70900721457 /* SyncZone */,
				67FF83C72C2FA70B00721457 /* SyncZoneTests */,
				67FF83D12C2FA70B00721457 /* SyncZoneUITests */,
				67FF83B52C2FA70900721457 /* Products */,
			);
			sourceTree = "<group>";
		};
		67FF83B52C2FA70900721457 /* Products */ = {
			isa = PBXGroup;
			children = (
				67FF83B42C2FA70900721457 /* SyncZone.app */,
				67FF83C42C2FA70B00721457 /* SyncZoneTests.xctest */,
				67FF83CE2C2FA70B00721457 /* SyncZoneUITests.xctest */,
			);
			name = Products;
			sourceTree = "<group>";
		};
		67FF83B62C2FA70900721457 /* SyncZone */ = {
			isa = PBXGroup;
			children = (
				67FF84152C3328FF00721457 /* GoogleService-Info.plist */,
				67FF83FF2C321FA200721457 /* Model */,
				67FF83F62C31F9D200721457 /* Manager */,
				67FF83F52C31F9B700721457 /* Views */,
				67FF83F32C30CD0400721457 /* Info.plist */,
				67FF83B72C2FA70900721457 /* SyncZoneApp.swift */,
				67FF83B92C2FA70900721457 /* ContentView.swift */,
				67FF83BB2C2FA70A00721457 /* Assets.xcassets */,
				67FF83BD2C2FA70A00721457 /* Preview Content */,
				67FF84242C33438200721457 /* Extensions.swift */,
			);
			path = SyncZone;
			sourceTree = "<group>";
		};
		67FF83BD2C2FA70A00721457 /* Preview Content */ = {
			isa = PBXGroup;
			children = (
				67FF83BE2C2FA70A00721457 /* Preview Assets.xcassets */,
			);
			path = "Preview Content";
			sourceTree = "<group>";
		};
		67FF83C72C2FA70B00721457 /* SyncZoneTests */ = {
			isa = PBXGroup;
			children = (
				67FF83C82C2FA70B00721457 /* SyncZoneTests.swift */,
			);
			path = SyncZoneTests;
			sourceTree = "<group>";
		};
		67FF83D12C2FA70B00721457 /* SyncZoneUITests */ = {
			isa = PBXGroup;
			children = (
				67FF83D22C2FA70B00721457 /* SyncZoneUITests.swift */,
				67FF83D42C2FA70B00721457 /* SyncZoneUITestsLaunchTests.swift */,
			);
			path = SyncZoneUITests;
			sourceTree = "<group>";
		};
		67FF83F52C31F9B700721457 /* Views */ = {
			isa = PBXGroup;
			children = (
				67FF83E22C2FA81E00721457 /* MainView.swift */,
				67FF83EB2C30BF7E00721457 /* LocationView.swift */,
				67FF83E42C2FAA7C00721457 /* OnBoardingView.swift */,
				67FF83E62C2FAA8F00721457 /* AccountView.swift */,
				67FF83ED2C30C9EA00721457 /* LocationRequestView.swift */,
				67FF84262C33459C00721457 /* Components */,
				67FF840E2C3258CC00721457 /* backup */,
				67FF83F82C3209B700721457 /* ChatGroupView */,
				67FF83F72C32098E00721457 /* SyncTimeView */,
				67FF84352C33BA0000721457 /* SelectCitiesView.swift */,
			);
			path = Views;
			sourceTree = "<group>";
		};
		67FF83F62C31F9D200721457 /* Manager */ = {
			isa = PBXGroup;
			children = (
				67FF83EF2C30CA0900721457 /* LocationManager.swift */,
				67FF84132C3312C200721457 /* OnBoardingViewModel.swift */,
				67FF84272C3345EE00721457 /* MainViewModel.swift */,
				67FF84292C33788000721457 /* SyncZoneViewModel.swift */,
				67FF842B2C3378B200721457 /* ChatGroupViewModel.swift */,
				67FF842D2C33790400721457 /* AccountViewModel.swift */,
				67FF842F2C337A2000721457 /* NewItemViewModel.swift */,
				67FF84312C337A8900721457 /* SyncZoneItemViewModel.swift */,
				67FF84372C33BF0E00721457 /* AllCities.swift */,
				67FF84412C35BAE700721457 /* UpdateItemViewModel.swift */,
			);
			path = Manager;
			sourceTree = "<group>";
		};
		67FF83F72C32098E00721457 /* SyncTimeView */ = {
			isa = PBXGroup;
			children = (
				67FF83FB2C320D1B00721457 /* SyncZoneView.swift */,
				67FF84332C339E0400721457 /* NewItemView.swift */,
				67FF84392C347CFC00721457 /* SyncZoneListItemView.swift */,
				67FF843F2C35B01000721457 /* UpdateItemView.swift */,
			);
			path = SyncTimeView;
			sourceTree = "<group>";
		};
		67FF83F82C3209B700721457 /* ChatGroupView */ = {
			isa = PBXGroup;
			children = (
				67FF83FD2C320D4100721457 /* ChatGroupView.swift */,
			);
			path = ChatGroupView;
			sourceTree = "<group>";
		};
		67FF83FF2C321FA200721457 /* Model */ = {
			isa = PBXGroup;
			children = (
				67FF84002C321FB200721457 /* User.swift */,
				67FF84022C321FC700721457 /* SyncZoneListItem.swift */,
				67FF84042C321FD400721457 /* ChatGroup.swift */,
			);
			path = Model;
			sourceTree = "<group>";
		};
		67FF840E2C3258CC00721457 /* backup */ = {
			isa = PBXGroup;
			children = (
				67FF840A2C32255A00721457 /* backupboarding.swift */,
				67FF84082C32252300721457 /* signUpView.swift */,
				67FF84062C32251600721457 /* loginView.swift */,
			);
			path = backup;
			sourceTree = "<group>";
		};
		67FF84262C33459C00721457 /* Components */ = {
			isa = PBXGroup;
			children = (
				67FF840C2C32258F00721457 /* WelcomeView.swift */,
				67FF84112C330E2400721457 /* InputFieldView.swift */,
				67FF840F2C327AF300721457 /* SZButton.swift */,
				67FF83F92C320B4B00721457 /* MainTabView.swift */,
			);
			path = Components;
			sourceTree = "<group>";
		};
/* End PBXGroup section */

/* Begin PBXNativeTarget section */
		67FF83B32C2FA70900721457 /* SyncZone */ = {
			isa = PBXNativeTarget;
			buildConfigurationList = 67FF83D82C2FA70B00721457 /* Build configuration list for PBXNativeTarget "SyncZone" */;
			buildPhases = (
				67FF83B02C2FA70900721457 /* Sources */,
				67FF83B12C2FA70900721457 /* Frameworks */,
				67FF83B22C2FA70900721457 /* Resources */,
			);
			buildRules = (
			);
			dependencies = (
			);
			name = SyncZone;
			packageProductDependencies = (
				67FF841A2C332C2A00721457 /* FirebaseAuth */,
				67FF841C2C332C2A00721457 /* FirebaseDatabase */,
				67FF841E2C332C2A00721457 /* FirebaseDatabaseSwift */,
				67FF84202C332C2A00721457 /* FirebaseFirestore */,
				67FF84222C332C2A00721457 /* FirebaseFirestoreSwift */,
			);
			productName = SyncZone;
			productReference = 67FF83B42C2FA70900721457 /* SyncZone.app */;
			productType = "com.apple.product-type.application";
		};
		67FF83C32C2FA70B00721457 /* SyncZoneTests */ = {
			isa = PBXNativeTarget;
			buildConfigurationList = 67FF83DB2C2FA70B00721457 /* Build configuration list for PBXNativeTarget "SyncZoneTests" */;
			buildPhases = (
				67FF83C02C2FA70B00721457 /* Sources */,
				67FF83C12C2FA70B00721457 /* Frameworks */,
				67FF83C22C2FA70B00721457 /* Resources */,
			);
			buildRules = (
			);
			dependencies = (
				67FF83C62C2FA70B00721457 /* PBXTargetDependency */,
			);
			name = SyncZoneTests;
			productName = SyncZoneTests;
			productReference = 67FF83C42C2FA70B00721457 /* SyncZoneTests.xctest */;
			productType = "com.apple.product-type.bundle.unit-test";
		};
		67FF83CD2C2FA70B00721457 /* SyncZoneUITests */ = {
			isa = PBXNativeTarget;
			buildConfigurationList = 67FF83DE2C2FA70B00721457 /* Build configuration list for PBXNativeTarget "SyncZoneUITests" */;
			buildPhases = (
				67FF83CA2C2FA70B00721457 /* Sources */,
				67FF83CB2C2FA70B00721457 /* Frameworks */,
				67FF83CC2C2FA70B00721457 /* Resources */,
			);
			buildRules = (
			);
			dependencies = (
				67FF83D02C2FA70B00721457 /* PBXTargetDependency */,
			);
			name = SyncZoneUITests;
			productName = SyncZoneUITests;
			productReference = 67FF83CE2C2FA70B00721457 /* SyncZoneUITests.xctest */;
			productType = "com.apple.product-type.bundle.ui-testing";
		};
/* End PBXNativeTarget section */

/* Begin PBXProject section */
		67FF83AC2C2FA70900721457 /* Project object */ = {
			isa = PBXProject;
			attributes = {
				BuildIndependentTargetsInParallel = 1;
				LastSwiftUpdateCheck = 1540;
				LastUpgradeCheck = 1540;
				TargetAttributes = {
					67FF83B32C2FA70900721457 = {
						CreatedOnToolsVersion = 15.4;
					};
					67FF83C32C2FA70B00721457 = {
						CreatedOnToolsVersion = 15.4;
						TestTargetID = 67FF83B32C2FA70900721457;
					};
					67FF83CD2C2FA70B00721457 = {
						CreatedOnToolsVersion = 15.4;
						TestTargetID = 67FF83B32C2FA70900721457;
					};
				};
			};
			buildConfigurationList = 67FF83AF2C2FA70900721457 /* Build configuration list for PBXProject "SyncZone" */;
			compatibilityVersion = "Xcode 14.0";
			developmentRegion = en;
			hasScannedForEncodings = 0;
			knownRegions = (
				en,
				Base,
			);
			mainGroup = 67FF83AB2C2FA70900721457;
			packageReferences = (
				67FF84192C332C2A00721457 /* XCRemoteSwiftPackageReference "firebase-ios-sdk" */,
			);
			productRefGroup = 67FF83B52C2FA70900721457 /* Products */;
			projectDirPath = "";
			projectRoot = "";
			targets = (
				67FF83B32C2FA70900721457 /* SyncZone */,
				67FF83C32C2FA70B00721457 /* SyncZoneTests */,
				67FF83CD2C2FA70B00721457 /* SyncZoneUITests */,
			);
		};
/* End PBXProject section */

/* Begin PBXResourcesBuildPhase section */
		67FF83B22C2FA70900721457 /* Resources */ = {
			isa = PBXResourcesBuildPhase;
			buildActionMask = 2147483647;
			files = (
				67FF83BF2C2FA70A00721457 /* Preview Assets.xcassets in Resources */,
				67FF83BC2C2FA70A00721457 /* Assets.xcassets in Resources */,
				67FF84162C3328FF00721457 /* GoogleService-Info.plist in Resources */,
			);
			runOnlyForDeploymentPostprocessing = 0;
		};
		67FF83C22C2FA70B00721457 /* Resources */ = {
			isa = PBXResourcesBuildPhase;
			buildActionMask = 2147483647;
			files = (
			);
			runOnlyForDeploymentPostprocessing = 0;
		};
		67FF83CC2C2FA70B00721457 /* Resources */ = {
			isa = PBXResourcesBuildPhase;
			buildActionMask = 2147483647;
			files = (
			);
			runOnlyForDeploymentPostprocessing = 0;
		};
/* End PBXResourcesBuildPhase section */

/* Begin PBXSourcesBuildPhase section */
		67FF83B02C2FA70900721457 /* Sources */ = {
			isa = PBXSourcesBuildPhase;
			buildActionMask = 2147483647;
			files = (
				67FF83BA2C2FA70900721457 /* ContentView.swift in Sources */,
				67FF83E52C2FAA7C00721457 /* OnBoardingView.swift in Sources */,
				67FF83EC2C30BF7E00721457 /* LocationView.swift in Sources */,
				67FF84072C32251600721457 /* loginView.swift in Sources */,
				67FF840B2C32255A00721457 /* backupboarding.swift in Sources */,
				67FF84102C327AF300721457 /* SZButton.swift in Sources */,
				67FF84052C321FD400721457 /* ChatGroup.swift in Sources */,
				67FF83E72C2FAA8F00721457 /* AccountView.swift in Sources */,
				67FF83F02C30CA0900721457 /* LocationManager.swift in Sources */,
				67FF84252C33438200721457 /* Extensions.swift in Sources */,
				67FF83FE2C320D4100721457 /* ChatGroupView.swift in Sources */,
				67FF83FC2C320D1B00721457 /* SyncZoneView.swift in Sources */,
				67FF83B82C2FA70900721457 /* SyncZoneApp.swift in Sources */,
				67FF84012C321FB200721457 /* User.swift in Sources */,
				67FF84302C337A2000721457 /* NewItemViewModel.swift in Sources */,
				67FF84032C321FC700721457 /* SyncZoneListItem.swift in Sources */,
				67FF842C2C3378B200721457 /* ChatGroupViewModel.swift in Sources */,
				67FF840D2C32258F00721457 /* WelcomeView.swift in Sources */,
				67FF84422C35BAE700721457 /* UpdateItemViewModel.swift in Sources */,
				67FF84092C32252300721457 /* signUpView.swift in Sources */,
				67FF84362C33BA0000721457 /* SelectCitiesView.swift in Sources */,
				67FF843A2C347CFC00721457 /* SyncZoneListItemView.swift in Sources */,
				67FF83E32C2FA81E00721457 /* MainView.swift in Sources */,
				67FF84342C339E0400721457 /* NewItemView.swift in Sources */,
				67FF83FA2C320B4B00721457 /* MainTabView.swift in Sources */,
				67FF84402C35B01000721457 /* UpdateItemView.swift in Sources */,
				67FF84122C330E2400721457 /* InputFieldView.swift in Sources */,
				67FF83EE2C30C9EA00721457 /* LocationRequestView.swift in Sources */,
				67FF84282C3345EE00721457 /* MainViewModel.swift in Sources */,
				67FF84142C3312C200721457 /* OnBoardingViewModel.swift in Sources */,
				67FF84382C33BF0E00721457 /* AllCities.swift in Sources */,
				67FF842E2C33790400721457 /* AccountViewModel.swift in Sources */,
				67FF84322C337A8900721457 /* SyncZoneItemViewModel.swift in Sources */,
				67FF842A2C33788000721457 /* SyncZoneViewModel.swift in Sources */,
			);
			runOnlyForDeploymentPostprocessing = 0;
		};
		67FF83C02C2FA70B00721457 /* Sources */ = {
			isa = PBXSourcesBuildPhase;
			buildActionMask = 2147483647;
			files = (
				67FF83C92C2FA70B00721457 /* SyncZoneTests.swift in Sources */,
			);
			runOnlyForDeploymentPostprocessing = 0;
		};
		67FF83CA2C2FA70B00721457 /* Sources */ = {
			isa = PBXSourcesBuildPhase;
			buildActionMask = 2147483647;
			files = (
				67FF83D52C2FA70B00721457 /* SyncZoneUITestsLaunchTests.swift in Sources */,
				67FF83D32C2FA70B00721457 /* SyncZoneUITests.swift in Sources */,
			);
			runOnlyForDeploymentPostprocessing = 0;
		};
/* End PBXSourcesBuildPhase section */

/* Begin PBXTargetDependency section */
		67FF83C62C2FA70B00721457 /* PBXTargetDependency */ = {
			isa = PBXTargetDependency;
			target = 67FF83B32C2FA70900721457 /* SyncZone */;
			targetProxy = 67FF83C52C2FA70B00721457 /* PBXContainerItemProxy */;
		};
		67FF83D02C2FA70B00721457 /* PBXTargetDependency */ = {
			isa = PBXTargetDependency;
			target = 67FF83B32C2FA70900721457 /* SyncZone */;
			targetProxy = 67FF83CF2C2FA70B00721457 /* PBXContainerItemProxy */;
		};
/* End PBXTargetDependency section */

/* Begin XCBuildConfiguration section */
		67FF83D62C2FA70B00721457 /* Debug */ = {
			isa = XCBuildConfiguration;
			buildSettings = {
				ALWAYS_SEARCH_USER_PATHS = NO;
				ASSETCATALOG_COMPILER_GENERATE_SWIFT_ASSET_SYMBOL_EXTENSIONS = YES;
				CLANG_ANALYZER_NONNULL = YES;
				CLANG_ANALYZER_NUMBER_OBJECT_CONVERSION = YES_AGGRESSIVE;
				CLANG_CXX_LANGUAGE_STANDARD = "gnu++20";
				CLANG_ENABLE_MODULES = YES;
				CLANG_ENABLE_OBJC_ARC = YES;
				CLANG_ENABLE_OBJC_WEAK = YES;
				CLANG_WARN_BLOCK_CAPTURE_AUTORELEASING = YES;
				CLANG_WARN_BOOL_CONVERSION = YES;
				CLANG_WARN_COMMA = YES;
				CLANG_WARN_CONSTANT_CONVERSION = YES;
				CLANG_WARN_DEPRECATED_OBJC_IMPLEMENTATIONS = YES;
				CLANG_WARN_DIRECT_OBJC_ISA_USAGE = YES_ERROR;
				CLANG_WARN_DOCUMENTATION_COMMENTS = YES;
				CLANG_WARN_EMPTY_BODY = YES;
				CLANG_WARN_ENUM_CONVERSION = YES;
				CLANG_WARN_INFINITE_RECURSION = YES;
				CLANG_WARN_INT_CONVERSION = YES;
				CLANG_WARN_NON_LITERAL_NULL_CONVERSION = YES;
				CLANG_WARN_OBJC_IMPLICIT_RETAIN_SELF = YES;
				CLANG_WARN_OBJC_LITERAL_CONVERSION = YES;
				CLANG_WARN_OBJC_ROOT_CLASS = YES_ERROR;
				CLANG_WARN_QUOTED_INCLUDE_IN_FRAMEWORK_HEADER = YES;
				CLANG_WARN_RANGE_LOOP_ANALYSIS = YES;
				CLANG_WARN_STRICT_PROTOTYPES = YES;
				CLANG_WARN_SUSPICIOUS_MOVE = YES;
				CLANG_WARN_UNGUARDED_AVAILABILITY = YES_AGGRESSIVE;
				CLANG_WARN_UNREACHABLE_CODE = YES;
				CLANG_WARN__DUPLICATE_METHOD_MATCH = YES;
				COPY_PHASE_STRIP = NO;
				DEBUG_INFORMATION_FORMAT = dwarf;
				ENABLE_STRICT_OBJC_MSGSEND = YES;
				ENABLE_TESTABILITY = YES;
				ENABLE_USER_SCRIPT_SANDBOXING = YES;
				GCC_C_LANGUAGE_STANDARD = gnu17;
				GCC_DYNAMIC_NO_PIC = NO;
				GCC_NO_COMMON_BLOCKS = YES;
				GCC_OPTIMIZATION_LEVEL = 0;
				GCC_PREPROCESSOR_DEFINITIONS = (
					"DEBUG=1",
					"$(inherited)",
				);
				GCC_WARN_64_TO_32_BIT_CONVERSION = YES;
				GCC_WARN_ABOUT_RETURN_TYPE = YES_ERROR;
				GCC_WARN_UNDECLARED_SELECTOR = YES;
				GCC_WARN_UNINITIALIZED_AUTOS = YES_AGGRESSIVE;
				GCC_WARN_UNUSED_FUNCTION = YES;
				GCC_WARN_UNUSED_VARIABLE = YES;
				IPHONEOS_DEPLOYMENT_TARGET = 17.5;
				LOCALIZATION_PREFERS_STRING_CATALOGS = YES;
				MTL_ENABLE_DEBUG_INFO = INCLUDE_SOURCE;
				MTL_FAST_MATH = YES;
				ONLY_ACTIVE_ARCH = YES;
				SDKROOT = iphoneos;
				SWIFT_ACTIVE_COMPILATION_CONDITIONS = "DEBUG $(inherited)";
				SWIFT_OPTIMIZATION_LEVEL = "-Onone";
			};
			name = Debug;
		};
		67FF83D72C2FA70B00721457 /* Release */ = {
			isa = XCBuildConfiguration;
			buildSettings = {
				ALWAYS_SEARCH_USER_PATHS = NO;
				ASSETCATALOG_COMPILER_GENERATE_SWIFT_ASSET_SYMBOL_EXTENSIONS = YES;
				CLANG_ANALYZER_NONNULL = YES;
				CLANG_ANALYZER_NUMBER_OBJECT_CONVERSION = YES_AGGRESSIVE;
				CLANG_CXX_LANGUAGE_STANDARD = "gnu++20";
				CLANG_ENABLE_MODULES = YES;
				CLANG_ENABLE_OBJC_ARC = YES;
				CLANG_ENABLE_OBJC_WEAK = YES;
				CLANG_WARN_BLOCK_CAPTURE_AUTORELEASING = YES;
				CLANG_WARN_BOOL_CONVERSION = YES;
				CLANG_WARN_COMMA = YES;
				CLANG_WARN_CONSTANT_CONVERSION = YES;
				CLANG_WARN_DEPRECATED_OBJC_IMPLEMENTATIONS = YES;
				CLANG_WARN_DIRECT_OBJC_ISA_USAGE = YES_ERROR;
				CLANG_WARN_DOCUMENTATION_COMMENTS = YES;
				CLANG_WARN_EMPTY_BODY = YES;
				CLANG_WARN_ENUM_CONVERSION = YES;
				CLANG_WARN_INFINITE_RECURSION = YES;
				CLANG_WARN_INT_CONVERSION = YES;
				CLANG_WARN_NON_LITERAL_NULL_CONVERSION = YES;
				CLANG_WARN_OBJC_IMPLICIT_RETAIN_SELF = YES;
				CLANG_WARN_OBJC_LITERAL_CONVERSION = YES;
				CLANG_WARN_OBJC_ROOT_CLASS = YES_ERROR;
				CLANG_WARN_QUOTED_INCLUDE_IN_FRAMEWORK_HEADER = YES;
				CLANG_WARN_RANGE_LOOP_ANALYSIS = YES;
				CLANG_WARN_STRICT_PROTOTYPES = YES;
				CLANG_WARN_SUSPICIOUS_MOVE = YES;
				CLANG_WARN_UNGUARDED_AVAILABILITY = YES_AGGRESSIVE;
				CLANG_WARN_UNREACHABLE_CODE = YES;
				CLANG_WARN__DUPLICATE_METHOD_MATCH = YES;
				COPY_PHASE_STRIP = NO;
				DEBUG_INFORMATION_FORMAT = "dwarf-with-dsym";
				ENABLE_NS_ASSERTIONS = NO;
				ENABLE_STRICT_OBJC_MSGSEND = YES;
				ENABLE_USER_SCRIPT_SANDBOXING = YES;
				GCC_C_LANGUAGE_STANDARD = gnu17;
				GCC_NO_COMMON_BLOCKS = YES;
				GCC_WARN_64_TO_32_BIT_CONVERSION = YES;
				GCC_WARN_ABOUT_RETURN_TYPE = YES_ERROR;
				GCC_WARN_UNDECLARED_SELECTOR = YES;
				GCC_WARN_UNINITIALIZED_AUTOS = YES_AGGRESSIVE;
				GCC_WARN_UNUSED_FUNCTION = YES;
				GCC_WARN_UNUSED_VARIABLE = YES;
				IPHONEOS_DEPLOYMENT_TARGET = 17.5;
				LOCALIZATION_PREFERS_STRING_CATALOGS = YES;
				MTL_ENABLE_DEBUG_INFO = NO;
				MTL_FAST_MATH = YES;
				SDKROOT = iphoneos;
				SWIFT_COMPILATION_MODE = wholemodule;
				VALIDATE_PRODUCT = YES;
			};
			name = Release;
		};
		67FF83D92C2FA70B00721457 /* Debug */ = {
			isa = XCBuildConfiguration;
			buildSettings = {
				ASSETCATALOG_COMPILER_APPICON_NAME = AppIcon;
				ASSETCATALOG_COMPILER_GLOBAL_ACCENT_COLOR_NAME = AccentColor;
				CODE_SIGN_STYLE = Automatic;
				CURRENT_PROJECT_VERSION = 1;
				DEVELOPMENT_ASSET_PATHS = "\"SyncZone/Preview Content\"";
				DEVELOPMENT_TEAM = 6W9ZTVR4G3;
				ENABLE_PREVIEWS = YES;
				GENERATE_INFOPLIST_FILE = YES;
				INFOPLIST_FILE = SyncZone/Info.plist;
				INFOPLIST_KEY_NSLocationAlwaysUsageDescription = "App need location";
				INFOPLIST_KEY_NSLocationWhenInUseUsageDescription = "Please allow us to access location";
				INFOPLIST_KEY_UIApplicationSceneManifest_Generation = YES;
				INFOPLIST_KEY_UIApplicationSupportsIndirectInputEvents = YES;
				INFOPLIST_KEY_UILaunchScreen_Generation = YES;
				INFOPLIST_KEY_UISupportedInterfaceOrientations_iPad = "UIInterfaceOrientationPortrait UIInterfaceOrientationPortraitUpsideDown UIInterfaceOrientationLandscapeLeft UIInterfaceOrientationLandscapeRight";
				INFOPLIST_KEY_UISupportedInterfaceOrientations_iPhone = "UIInterfaceOrientationPortrait UIInterfaceOrientationLandscapeLeft UIInterfaceOrientationLandscapeRight";
				LD_RUNPATH_SEARCH_PATHS = (
					"$(inherited)",
					"@executable_path/Frameworks",
				);
				MARKETING_VERSION = 1.0;
				PRODUCT_BUNDLE_IDENTIFIER = ylhe.SyncZone;
				PRODUCT_NAME = "$(TARGET_NAME)";
				SWIFT_EMIT_LOC_STRINGS = YES;
				SWIFT_VERSION = 5.0;
				TARGETED_DEVICE_FAMILY = "1,2";
			};
			name = Debug;
		};
		67FF83DA2C2FA70B00721457 /* Release */ = {
			isa = XCBuildConfiguration;
			buildSettings = {
				ASSETCATALOG_COMPILER_APPICON_NAME = AppIcon;
				ASSETCATALOG_COMPILER_GLOBAL_ACCENT_COLOR_NAME = AccentColor;
				CODE_SIGN_STYLE = Automatic;
				CURRENT_PROJECT_VERSION = 1;
				DEVELOPMENT_ASSET_PATHS = "\"SyncZone/Preview Content\"";
				DEVELOPMENT_TEAM = 6W9ZTVR4G3;
				ENABLE_PREVIEWS = YES;
				GENERATE_INFOPLIST_FILE = YES;
				INFOPLIST_FILE = SyncZone/Info.plist;
				INFOPLIST_KEY_NSLocationAlwaysUsageDescription = "App need location";
				INFOPLIST_KEY_NSLocationWhenInUseUsageDescription = "Please allow us to access location";
				INFOPLIST_KEY_UIApplicationSceneManifest_Generation = YES;
				INFOPLIST_KEY_UIApplicationSupportsIndirectInputEvents = YES;
				INFOPLIST_KEY_UILaunchScreen_Generation = YES;
				INFOPLIST_KEY_UISupportedInterfaceOrientations_iPad = "UIInterfaceOrientationPortrait UIInterfaceOrientationPortraitUpsideDown UIInterfaceOrientationLandscapeLeft UIInterfaceOrientationLandscapeRight";
				INFOPLIST_KEY_UISupportedInterfaceOrientations_iPhone = "UIInterfaceOrientationPortrait UIInterfaceOrientationLandscapeLeft UIInterfaceOrientationLandscapeRight";
				LD_RUNPATH_SEARCH_PATHS = (
					"$(inherited)",
					"@executable_path/Frameworks",
				);
				MARKETING_VERSION = 1.0;
				PRODUCT_BUNDLE_IDENTIFIER = ylhe.SyncZone;
				PRODUCT_NAME = "$(TARGET_NAME)";
				SWIFT_EMIT_LOC_STRINGS = YES;
				SWIFT_VERSION = 5.0;
				TARGETED_DEVICE_FAMILY = "1,2";
			};
			name = Release;
		};
		67FF83DC2C2FA70B00721457 /* Debug */ = {
			isa = XCBuildConfiguration;
			buildSettings = {
				ALWAYS_EMBED_SWIFT_STANDARD_LIBRARIES = YES;
				BUNDLE_LOADER = "$(TEST_HOST)";
				CODE_SIGN_STYLE = Automatic;
				CURRENT_PROJECT_VERSION = 1;
				DEVELOPMENT_TEAM = 6W9ZTVR4G3;
				GENERATE_INFOPLIST_FILE = YES;
				IPHONEOS_DEPLOYMENT_TARGET = 17.5;
				MARKETING_VERSION = 1.0;
				PRODUCT_BUNDLE_IDENTIFIER = ylhe.SyncZoneTests;
				PRODUCT_NAME = "$(TARGET_NAME)";
				SWIFT_EMIT_LOC_STRINGS = NO;
				SWIFT_VERSION = 5.0;
				TARGETED_DEVICE_FAMILY = "1,2";
				TEST_HOST = "$(BUILT_PRODUCTS_DIR)/SyncZone.app/$(BUNDLE_EXECUTABLE_FOLDER_PATH)/SyncZone";
			};
			name = Debug;
		};
		67FF83DD2C2FA70B00721457 /* Release */ = {
			isa = XCBuildConfiguration;
			buildSettings = {
				ALWAYS_EMBED_SWIFT_STANDARD_LIBRARIES = YES;
				BUNDLE_LOADER = "$(TEST_HOST)";
				CODE_SIGN_STYLE = Automatic;
				CURRENT_PROJECT_VERSION = 1;
				DEVELOPMENT_TEAM = 6W9ZTVR4G3;
				GENERATE_INFOPLIST_FILE = YES;
				IPHONEOS_DEPLOYMENT_TARGET = 17.5;
				MARKETING_VERSION = 1.0;
				PRODUCT_BUNDLE_IDENTIFIER = ylhe.SyncZoneTests;
				PRODUCT_NAME = "$(TARGET_NAME)";
				SWIFT_EMIT_LOC_STRINGS = NO;
				SWIFT_VERSION = 5.0;
				TARGETED_DEVICE_FAMILY = "1,2";
				TEST_HOST = "$(BUILT_PRODUCTS_DIR)/SyncZone.app/$(BUNDLE_EXECUTABLE_FOLDER_PATH)/SyncZone";
			};
			name = Release;
		};
		67FF83DF2C2FA70B00721457 /* Debug */ = {
			isa = XCBuildConfiguration;
			buildSettings = {
				ALWAYS_EMBED_SWIFT_STANDARD_LIBRARIES = YES;
				CODE_SIGN_STYLE = Automatic;
				CURRENT_PROJECT_VERSION = 1;
				DEVELOPMENT_TEAM = 6W9ZTVR4G3;
				GENERATE_INFOPLIST_FILE = YES;
				MARKETING_VERSION = 1.0;
				PRODUCT_BUNDLE_IDENTIFIER = ylhe.SyncZoneUITests;
				PRODUCT_NAME = "$(TARGET_NAME)";
				SWIFT_EMIT_LOC_STRINGS = NO;
				SWIFT_VERSION = 5.0;
				TARGETED_DEVICE_FAMILY = "1,2";
				TEST_TARGET_NAME = SyncZone;
			};
			name = Debug;
		};
		67FF83E02C2FA70B00721457 /* Release */ = {
			isa = XCBuildConfiguration;
			buildSettings = {
				ALWAYS_EMBED_SWIFT_STANDARD_LIBRARIES = YES;
				CODE_SIGN_STYLE = Automatic;
				CURRENT_PROJECT_VERSION = 1;
				DEVELOPMENT_TEAM = 6W9ZTVR4G3;
				GENERATE_INFOPLIST_FILE = YES;
				MARKETING_VERSION = 1.0;
				PRODUCT_BUNDLE_IDENTIFIER = ylhe.SyncZoneUITests;
				PRODUCT_NAME = "$(TARGET_NAME)";
				SWIFT_EMIT_LOC_STRINGS = NO;
				SWIFT_VERSION = 5.0;
				TARGETED_DEVICE_FAMILY = "1,2";
				TEST_TARGET_NAME = SyncZone;
			};
			name = Release;
		};
/* End XCBuildConfiguration section */

/* Begin XCConfigurationList section */
		67FF83AF2C2FA70900721457 /* Build configuration list for PBXProject "SyncZone" */ = {
			isa = XCConfigurationList;
			buildConfigurations = (
				67FF83D62C2FA70B00721457 /* Debug */,
				67FF83D72C2FA70B00721457 /* Release */,
			);
			defaultConfigurationIsVisible = 0;
			defaultConfigurationName = Release;
		};
		67FF83D82C2FA70B00721457 /* Build configuration list for PBXNativeTarget "SyncZone" */ = {
			isa = XCConfigurationList;
			buildConfigurations = (
				67FF83D92C2FA70B00721457 /* Debug */,
				67FF83DA2C2FA70B00721457 /* Release */,
			);
			defaultConfigurationIsVisible = 0;
			defaultConfigurationName = Release;
		};
		67FF83DB2C2FA70B00721457 /* Build configuration list for PBXNativeTarget "SyncZoneTests" */ = {
			isa = XCConfigurationList;
			buildConfigurations = (
				67FF83DC2C2FA70B00721457 /* Debug */,
				67FF83DD2C2FA70B00721457 /* Release */,
			);
			defaultConfigurationIsVisible = 0;
			defaultConfigurationName = Release;
		};
		67FF83DE2C2FA70B00721457 /* Build configuration list for PBXNativeTarget "SyncZoneUITests" */ = {
			isa = XCConfigurationList;
			buildConfigurations = (
				67FF83DF2C2FA70B00721457 /* Debug */,
				67FF83E02C2FA70B00721457 /* Release */,
			);
			defaultConfigurationIsVisible = 0;
			defaultConfigurationName = Release;
		};
/* End XCConfigurationList section */

/* Begin XCRemoteSwiftPackageReference section */
		67FF84192C332C2A00721457 /* XCRemoteSwiftPackageReference "firebase-ios-sdk" */ = {
			isa = XCRemoteSwiftPackageReference;
			repositoryURL = "https://github.com/firebase/firebase-ios-sdk";
			requirement = {
				kind = upToNextMajorVersion;
				minimumVersion = 10.28.1;
			};
		};
/* End XCRemoteSwiftPackageReference section */

/* Begin XCSwiftPackageProductDependency section */
		67FF841A2C332C2A00721457 /* FirebaseAuth */ = {
			isa = XCSwiftPackageProductDependency;
			package = 67FF84192C332C2A00721457 /* XCRemoteSwiftPackageReference "firebase-ios-sdk" */;
			productName = FirebaseAuth;
		};
		67FF841C2C332C2A00721457 /* FirebaseDatabase */ = {
			isa = XCSwiftPackageProductDependency;
			package = 67FF84192C332C2A00721457 /* XCRemoteSwiftPackageReference "firebase-ios-sdk" */;
			productName = FirebaseDatabase;
		};
		67FF841E2C332C2A00721457 /* FirebaseDatabaseSwift */ = {
			isa = XCSwiftPackageProductDependency;
			package = 67FF84192C332C2A00721457 /* XCRemoteSwiftPackageReference "firebase-ios-sdk" */;
			productName = FirebaseDatabaseSwift;
		};
		67FF84202C332C2A00721457 /* FirebaseFirestore */ = {
			isa = XCSwiftPackageProductDependency;
			package = 67FF84192C332C2A00721457 /* XCRemoteSwiftPackageReference "firebase-ios-sdk" */;
			productName = FirebaseFirestore;
		};
		67FF84222C332C2A00721457 /* FirebaseFirestoreSwift */ = {
			isa = XCSwiftPackageProductDependency;
			package = 67FF84192C332C2A00721457 /* XCRemoteSwiftPackageReference "firebase-ios-sdk" */;
			productName = FirebaseFirestoreSwift;
		};
/* End XCSwiftPackageProductDependency section */
	};
	rootObject = 67FF83AC2C2FA70900721457 /* Project object */;
}
